
Microsoft Visual Studio Solution File, Format Version 12.00
# Visual Studio Version 16
VisualStudioVersion = 16.0.31321.278
MinimumVisualStudioVersion = 10.0.40219.1
Project("{FAE04EC0-301F-11D3-BF4B-00C04F79EFBC}") = "Assessment-MVC", "Assessment-MVC\Assessment-MVC.csproj", "{AA4C5504-3DC6-4443-9475-1249C8C413E7}"
EndProject
Global
	GlobalSection(SolutionConfigurationPlatforms) = preSolution
		Debug|Any CPU = Debug|Any CPU
		Release|Any CPU = Release|Any CPU
	EndGlobalSection
	GlobalSection(ProjectConfigurationPlatforms) = postSolution
		{AA4C5504-3DC6-4443-9475-1249C8C413E7}.Debug|Any CPU.ActiveCfg = Debug|Any CPU
		{AA4C5504-3DC6-4443-9475-1249C8C413E7}.Debug|Any CPU.Build.0 = Debug|Any CPU
		{AA4C5504-3DC6-4443-9475-1249C8C413E7}.Release|Any CPU.ActiveCfg = Release|Any CPU
		{AA4C5504-3DC6-4443-9475-1249C8C413E7}.Release|Any CPU.Build.0 = Release|Any CPU
	EndGlobalSection
	GlobalSection(SolutionProperties) = preSolution
		HideSolutionNode = FALSE
	EndGlobalSection
	GlobalSection(ExtensibilityGlobals) = postSolution
		SolutionGuid = {33E01F13-0997-4A43-B25A-1BF4EBC916F2}
	EndGlobalSection
EndGlobal
